// !$*UTF8*$!
{
	archiveVersion = 1;
	classes = {
	};
	objectVersion = 50;
	objects = {

/* Begin PBXBuildFile section */
		6431781BF379B4997DC155E8 /* Pods_DATA_TRANSFER_THRU_PRESENT.framework in Frameworks */ = {isa = PBXBuildFile; fileRef = B402357F6542C8303F7476C9 /* Pods_DATA_TRANSFER_THRU_PRESENT.framework */; };
		832BD32C237BBD5F0028FD12 /* Intermediate1ViewController.swift in Sources */ = {isa = PBXBuildFile; fileRef = 832BD32B237BBD5F0028FD12 /* Intermediate1ViewController.swift */; };
		832BD32E237BBD8D0028FD12 /* Intermediate2ViewController.swift in Sources */ = {isa = PBXBuildFile; fileRef = 832BD32D237BBD8D0028FD12 /* Intermediate2ViewController.swift */; };
		832BD330237BBDA20028FD12 /* Btech1ViewController.swift in Sources */ = {isa = PBXBuildFile; fileRef = 832BD32F237BBDA20028FD12 /* Btech1ViewController.swift */; };
		832BD332237BBDBE0028FD12 /* Btech2-1.swift in Sources */ = {isa = PBXBuildFile; fileRef = 832BD331237BBDBE0028FD12 /* Btech2-1.swift */; };
		832BD334237BBDD20028FD12 /* Btech2-2.swift in Sources */ = {isa = PBXBuildFile; fileRef = 832BD333237BBDD20028FD12 /* Btech2-2.swift */; };
		832BD336237BBDE60028FD12 /* Btech3-1.swift in Sources */ = {isa = PBXBuildFile; fileRef = 832BD335237BBDE60028FD12 /* Btech3-1.swift */; };
		832BD338237BBDF90028FD12 /* Btech3-2.swift in Sources */ = {isa = PBXBuildFile; fileRef = 832BD337237BBDF90028FD12 /* Btech3-2.swift */; };
		832BD33A237BBE1B0028FD12 /* Btech4-1.swift in Sources */ = {isa = PBXBuildFile; fileRef = 832BD339237BBE1B0028FD12 /* Btech4-1.swift */; };
		832BD33C237BBE2E0028FD12 /* Btech4-2.swift in Sources */ = {isa = PBXBuildFile; fileRef = 832BD33B237BBE2E0028FD12 /* Btech4-2.swift */; };
		832BD33E237BC9660028FD12 /* IntermediateViewController.swift in Sources */ = {isa = PBXBuildFile; fileRef = 832BD33D237BC9660028FD12 /* IntermediateViewController.swift */; };
		832BD340237BC9800028FD12 /* BtechViewController.swift in Sources */ = {isa = PBXBuildFile; fileRef = 832BD33F237BC9800028FD12 /* BtechViewController.swift */; };
		832BD342237C1E6C0028FD12 /* ViewController.swift in Sources */ = {isa = PBXBuildFile; fileRef = 832BD341237C1E6C0028FD12 /* ViewController.swift */; };
		834064A6237E617A00792E71 /* btechOverallResult.swift in Sources */ = {isa = PBXBuildFile; fileRef = 834064A5237E617A00792E71 /* btechOverallResult.swift */; };
		83B8830DB85F3B1B3A1E8847 /* Pods_DATA_TRANSFER_THRU_PRESENTUITests.framework in Frameworks */ = {isa = PBXBuildFile; fileRef = 2244C89FA2A9E9D507EA2BC2 /* Pods_DATA_TRANSFER_THRU_PRESENTUITests.framework */; };
		83DBC94F23791B72004F76E7 /* AppDelegate.swift in Sources */ = {isa = PBXBuildFile; fileRef = 83DBC94E23791B72004F76E7 /* AppDelegate.swift */; };
		83DBC95423791B72004F76E7 /* Main.storyboard in Resources */ = {isa = PBXBuildFile; fileRef = 83DBC95223791B72004F76E7 /* Main.storyboard */; };
		83DBC95623791B76004F76E7 /* Assets.xcassets in Resources */ = {isa = PBXBuildFile; fileRef = 83DBC95523791B76004F76E7 /* Assets.xcassets */; };
		83DBC95923791B76004F76E7 /* LaunchScreen.storyboard in Resources */ = {isa = PBXBuildFile; fileRef = 83DBC95723791B76004F76E7 /* LaunchScreen.storyboard */; };
		83DBC96423791B76004F76E7 /* DATA_TRANSFER_THRU_PRESENTTests.swift in Sources */ = {isa = PBXBuildFile; fileRef = 83DBC96323791B76004F76E7 /* DATA_TRANSFER_THRU_PRESENTTests.swift */; };
		83DBC96F23791B76004F76E7 /* DATA_TRANSFER_THRU_PRESENTUITests.swift in Sources */ = {isa = PBXBuildFile; fileRef = 83DBC96E23791B76004F76E7 /* DATA_TRANSFER_THRU_PRESENTUITests.swift */; };
		DB0D8E2933BEBE6A9E3E6200 /* Pods_DATA_TRANSFER_THRU_PRESENTTests.framework in Frameworks */ = {isa = PBXBuildFile; fileRef = D67932FB40CEA43F4B6DD640 /* Pods_DATA_TRANSFER_THRU_PRESENTTests.framework */; };
/* End PBXBuildFile section */

/* Begin PBXContainerItemProxy section */
		83DBC96023791B76004F76E7 /* PBXContainerItemProxy */ = {
			isa = PBXContainerItemProxy;
			containerPortal = 83DBC94323791B72004F76E7 /* Project object */;
			proxyType = 1;
			remoteGlobalIDString = 83DBC94A23791B72004F76E7;
			remoteInfo = "DATA TRANSFER THRU PRESENT";
		};
		83DBC96B23791B76004F76E7 /* PBXContainerItemProxy */ = {
			isa = PBXContainerItemProxy;
			containerPortal = 83DBC94323791B72004F76E7 /* Project object */;
			proxyType = 1;
			remoteGlobalIDString = 83DBC94A23791B72004F76E7;
			remoteInfo = "DATA TRANSFER THRU PRESENT";
		};
/* End PBXContainerItemProxy section */

/* Begin PBXFileReference section */
		1768DA362682290187E7A6DE /* Pods-DATA TRANSFER THRU PRESENT.debug.xcconfig */ = {isa = PBXFileReference; includeInIndex = 1; lastKnownFileType = text.xcconfig; name = "Pods-DATA TRANSFER THRU PRESENT.debug.xcconfig"; path = "Pods/Target Support Files/Pods-DATA TRANSFER THRU PRESENT/Pods-DATA TRANSFER THRU PRESENT.debug.xcconfig"; sourceTree = "<group>"; };
		2244C89FA2A9E9D507EA2BC2 /* Pods_DATA_TRANSFER_THRU_PRESENTUITests.framework */ = {isa = PBXFileReference; explicitFileType = wrapper.framework; includeInIndex = 0; path = Pods_DATA_TRANSFER_THRU_PRESENTUITests.framework; sourceTree = BUILT_PRODUCTS_DIR; };
		292E05C043DCDA3F60715817 /* Pods-DATA TRANSFER THRU PRESENTUITests.release.xcconfig */ = {isa = PBXFileReference; includeInIndex = 1; lastKnownFileType = text.xcconfig; name = "Pods-DATA TRANSFER THRU PRESENTUITests.release.xcconfig"; path = "Pods/Target Support Files/Pods-DATA TRANSFER THRU PRESENTUITests/Pods-DATA TRANSFER THRU PRESENTUITests.release.xcconfig"; sourceTree = "<group>"; };
		2BB8FE06640443841D7279FC /* Pods-DATA TRANSFER THRU PRESENT.release.xcconfig */ = {isa = PBXFileReference; includeInIndex = 1; lastKnownFileType = text.xcconfig; name = "Pods-DATA TRANSFER THRU PRESENT.release.xcconfig"; path = "Pods/Target Support Files/Pods-DATA TRANSFER THRU PRESENT/Pods-DATA TRANSFER THRU PRESENT.release.xcconfig"; sourceTree = "<group>"; };
		55D1706F3CB4D104D16E2261 /* Pods-DATA TRANSFER THRU PRESENTTests.debug.xcconfig */ = {isa = PBXFileReference; includeInIndex = 1; lastKnownFileType = text.xcconfig; name = "Pods-DATA TRANSFER THRU PRESENTTests.debug.xcconfig"; path = "Pods/Target Support Files/Pods-DATA TRANSFER THRU PRESENTTests/Pods-DATA TRANSFER THRU PRESENTTests.debug.xcconfig"; sourceTree = "<group>"; };
		832BD32B237BBD5F0028FD12 /* Intermediate1ViewController.swift */ = {isa = PBXFileReference; lastKnownFileType = sourcecode.swift; path = Intermediate1ViewController.swift; sourceTree = "<group>"; };
		832BD32D237BBD8D0028FD12 /* Intermediate2ViewController.swift */ = {isa = PBXFileReference; lastKnownFileType = sourcecode.swift; path = Intermediate2ViewController.swift; sourceTree = "<group>"; };
		832BD32F237BBDA20028FD12 /* Btech1ViewController.swift */ = {isa = PBXFileReference; lastKnownFileType = sourcecode.swift; path = Btech1ViewController.swift; sourceTree = "<group>"; };
		832BD331237BBDBE0028FD12 /* Btech2-1.swift */ = {isa = PBXFileReference; lastKnownFileType = sourcecode.swift; path = "Btech2-1.swift"; sourceTree = "<group>"; };
		832BD333237BBDD20028FD12 /* Btech2-2.swift */ = {isa = PBXFileReference; lastKnownFileType = sourcecode.swift; path = "Btech2-2.swift"; sourceTree = "<group>"; };
		832BD335237BBDE60028FD12 /* Btech3-1.swift */ = {isa = PBXFileReference; lastKnownFileType = sourcecode.swift; path = "Btech3-1.swift"; sourceTree = "<group>"; };
		832BD337237BBDF90028FD12 /* Btech3-2.swift */ = {isa = PBXFileReference; lastKnownFileType = sourcecode.swift; path = "Btech3-2.swift"; sourceTree = "<group>"; };
		832BD339237BBE1B0028FD12 /* Btech4-1.swift */ = {isa = PBXFileReference; lastKnownFileType = sourcecode.swift; path = "Btech4-1.swift"; sourceTree = "<group>"; };
		832BD33B237BBE2E0028FD12 /* Btech4-2.swift */ = {isa = PBXFileReference; lastKnownFileType = sourcecode.swift; path = "Btech4-2.swift"; sourceTree = "<group>"; };
		832BD33D237BC9660028FD12 /* IntermediateViewController.swift */ = {isa = PBXFileReference; lastKnownFileType = sourcecode.swift; path = IntermediateViewController.swift; sourceTree = "<group>"; };
		832BD33F237BC9800028FD12 /* BtechViewController.swift */ = {isa = PBXFileReference; lastKnownFileType = sourcecode.swift; path = BtechViewController.swift; sourceTree = "<group>"; };
		832BD341237C1E6C0028FD12 /* ViewController.swift */ = {isa = PBXFileReference; lastKnownFileType = sourcecode.swift; path = ViewController.swift; sourceTree = "<group>"; };
		834064A5237E617A00792E71 /* btechOverallResult.swift */ = {isa = PBXFileReference; lastKnownFileType = sourcecode.swift; path = btechOverallResult.swift; sourceTree = "<group>"; };
		83DBC94B23791B72004F76E7 /* DATA TRANSFER THRU PRESENT.app */ = {isa = PBXFileReference; explicitFileType = wrapper.application; includeInIndex = 0; path = "DATA TRANSFER THRU PRESENT.app"; sourceTree = BUILT_PRODUCTS_DIR; };
		83DBC94E23791B72004F76E7 /* AppDelegate.swift */ = {isa = PBXFileReference; lastKnownFileType = sourcecode.swift; path = AppDelegate.swift; sourceTree = "<group>"; };
		83DBC95323791B72004F76E7 /* Base */ = {isa = PBXFileReference; lastKnownFileType = file.storyboard; name = Base; path = Base.lproj/Main.storyboard; sourceTree = "<group>"; };
		83DBC95523791B76004F76E7 /* Assets.xcassets */ = {isa = PBXFileReference; lastKnownFileType = folder.assetcatalog; path = Assets.xcassets; sourceTree = "<group>"; };
		83DBC95823791B76004F76E7 /* Base */ = {isa = PBXFileReference; lastKnownFileType = file.storyboard; name = Base; path = Base.lproj/LaunchScreen.storyboard; sourceTree = "<group>"; };
		83DBC95A23791B76004F76E7 /* Info.plist */ = {isa = PBXFileReference; lastKnownFileType = text.plist.xml; path = Info.plist; sourceTree = "<group>"; };
		83DBC95F23791B76004F76E7 /* DATA TRANSFER THRU PRESENTTests.xctest */ = {isa = PBXFileReference; explicitFileType = wrapper.cfbundle; includeInIndex = 0; path = "DATA TRANSFER THRU PRESENTTests.xctest"; sourceTree = BUILT_PRODUCTS_DIR; };
		83DBC96323791B76004F76E7 /* DATA_TRANSFER_THRU_PRESENTTests.swift */ = {isa = PBXFileReference; lastKnownFileType = sourcecode.swift; path = DATA_TRANSFER_THRU_PRESENTTests.swift; sourceTree = "<group>"; };
		83DBC96523791B76004F76E7 /* Info.plist */ = {isa = PBXFileReference; lastKnownFileType = text.plist.xml; path = Info.plist; sourceTree = "<group>"; };
		83DBC96A23791B76004F76E7 /* DATA TRANSFER THRU PRESENTUITests.xctest */ = {isa = PBXFileReference; explicitFileType = wrapper.cfbundle; includeInIndex = 0; path = "DATA TRANSFER THRU PRESENTUITests.xctest"; sourceTree = BUILT_PRODUCTS_DIR; };
		83DBC96E23791B76004F76E7 /* DATA_TRANSFER_THRU_PRESENTUITests.swift */ = {isa = PBXFileReference; lastKnownFileType = sourcecode.swift; path = DATA_TRANSFER_THRU_PRESENTUITests.swift; sourceTree = "<group>"; };
		83DBC97023791B76004F76E7 /* Info.plist */ = {isa = PBXFileReference; lastKnownFileType = text.plist.xml; path = Info.plist; sourceTree = "<group>"; };
		886A8FBF9E6D517A51C9B8E9 /* Pods-DATA TRANSFER THRU PRESENTTests.release.xcconfig */ = {isa = PBXFileReference; includeInIndex = 1; lastKnownFileType = text.xcconfig; name = "Pods-DATA TRANSFER THRU PRESENTTests.release.xcconfig"; path = "Pods/Target Support Files/Pods-DATA TRANSFER THRU PRESENTTests/Pods-DATA TRANSFER THRU PRESENTTests.release.xcconfig"; sourceTree = "<group>"; };
		B402357F6542C8303F7476C9 /* Pods_DATA_TRANSFER_THRU_PRESENT.framework */ = {isa = PBXFileReference; explicitFileType = wrapper.framework; includeInIndex = 0; path = Pods_DATA_TRANSFER_THRU_PRESENT.framework; sourceTree = BUILT_PRODUCTS_DIR; };
		D67932FB40CEA43F4B6DD640 /* Pods_DATA_TRANSFER_THRU_PRESENTTests.framework */ = {isa = PBXFileReference; explicitFileType = wrapper.framework; includeInIndex = 0; path = Pods_DATA_TRANSFER_THRU_PRESENTTests.framework; sourceTree = BUILT_PRODUCTS_DIR; };
		E99EF99F3BD3D4CB2A9164F2 /* Pods-DATA TRANSFER THRU PRESENTUITests.debug.xcconfig */ = {isa = PBXFileReference; includeInIndex = 1; lastKnownFileType = text.xcconfig; name = "Pods-DATA TRANSFER THRU PRESENTUITests.debug.xcconfig"; path = "Pods/Target Support Files/Pods-DATA TRANSFER THRU PRESENTUITests/Pods-DATA TRANSFER THRU PRESENTUITests.debug.xcconfig"; sourceTree = "<group>"; };
/* End PBXFileReference section */

/* Begin PBXFrameworksBuildPhase section */
		83DBC94823791B72004F76E7 /* Frameworks */ = {
			isa = PBXFrameworksBuildPhase;
			buildActionMask = 2147483647;
			files = (
				6431781BF379B4997DC155E8 /* Pods_DATA_TRANSFER_THRU_PRESENT.framework in Frameworks */,
			);
			runOnlyForDeploymentPostprocessing = 0;
		};
		83DBC95C23791B76004F76E7 /* Frameworks */ = {
			isa = PBXFrameworksBuildPhase;
			buildActionMask = 2147483647;
			files = (
				DB0D8E2933BEBE6A9E3E6200 /* Pods_DATA_TRANSFER_THRU_PRESENTTests.framework in Frameworks */,
			);
			runOnlyForDeploymentPostprocessing = 0;
		};
		83DBC96723791B76004F76E7 /* Frameworks */ = {
			isa = PBXFrameworksBuildPhase;
			buildActionMask = 2147483647;
			files = (
				83B8830DB85F3B1B3A1E8847 /* Pods_DATA_TRANSFER_THRU_PRESENTUITests.framework in Frameworks */,
			);
			runOnlyForDeploymentPostprocessing = 0;
		};
/* End PBXFrameworksBuildPhase section */

/* Begin PBXGroup section */
		2A0616F19CAC94B0A8603FBA /* Frameworks */ = {
			isa = PBXGroup;
			children = (
				B402357F6542C8303F7476C9 /* Pods_DATA_TRANSFER_THRU_PRESENT.framework */,
				D67932FB40CEA43F4B6DD640 /* Pods_DATA_TRANSFER_THRU_PRESENTTests.framework */,
				2244C89FA2A9E9D507EA2BC2 /* Pods_DATA_TRANSFER_THRU_PRESENTUITests.framework */,
			);
			name = Frameworks;
			sourceTree = "<group>";
		};
		83DBC94223791B72004F76E7 = {
			isa = PBXGroup;
			children = (
				83DBC94D23791B72004F76E7 /* DATA TRANSFER THRU PRESENT */,
				83DBC96223791B76004F76E7 /* DATA TRANSFER THRU PRESENTTests */,
				83DBC96D23791B76004F76E7 /* DATA TRANSFER THRU PRESENTUITests */,
				83DBC94C23791B72004F76E7 /* Products */,
				870DB0140A6D2DEC6FB098B7 /* Pods */,
				2A0616F19CAC94B0A8603FBA /* Frameworks */,
			);
			sourceTree = "<group>";
		};
		83DBC94C23791B72004F76E7 /* Products */ = {
			isa = PBXGroup;
			children = (
				83DBC94B23791B72004F76E7 /* DATA TRANSFER THRU PRESENT.app */,
				83DBC95F23791B76004F76E7 /* DATA TRANSFER THRU PRESENTTests.xctest */,
				83DBC96A23791B76004F76E7 /* DATA TRANSFER THRU PRESENTUITests.xctest */,
			);
			name = Products;
			sourceTree = "<group>";
		};
		83DBC94D23791B72004F76E7 /* DATA TRANSFER THRU PRESENT */ = {
			isa = PBXGroup;
			children = (
				83DBC94E23791B72004F76E7 /* AppDelegate.swift */,
				832BD341237C1E6C0028FD12 /* ViewController.swift */,
				832BD33D237BC9660028FD12 /* IntermediateViewController.swift */,
				832BD33F237BC9800028FD12 /* BtechViewController.swift */,
				834064A5237E617A00792E71 /* btechOverallResult.swift */,
				83DBC95223791B72004F76E7 /* Main.storyboard */,
				83DBC95523791B76004F76E7 /* Assets.xcassets */,
				83DBC95723791B76004F76E7 /* LaunchScreen.storyboard */,
				83DBC95A23791B76004F76E7 /* Info.plist */,
				832BD32B237BBD5F0028FD12 /* Intermediate1ViewController.swift */,
				832BD32D237BBD8D0028FD12 /* Intermediate2ViewController.swift */,
				832BD32F237BBDA20028FD12 /* Btech1ViewController.swift */,
				832BD331237BBDBE0028FD12 /* Btech2-1.swift */,
				832BD333237BBDD20028FD12 /* Btech2-2.swift */,
				832BD335237BBDE60028FD12 /* Btech3-1.swift */,
				832BD337237BBDF90028FD12 /* Btech3-2.swift */,
				832BD339237BBE1B0028FD12 /* Btech4-1.swift */,
				832BD33B237BBE2E0028FD12 /* Btech4-2.swift */,
			);
			path = "DATA TRANSFER THRU PRESENT";
			sourceTree = "<group>";
		};
		83DBC96223791B76004F76E7 /* DATA TRANSFER THRU PRESENTTests */ = {
			isa = PBXGroup;
			children = (
				83DBC96323791B76004F76E7 /* DATA_TRANSFER_THRU_PRESENTTests.swift */,
				83DBC96523791B76004F76E7 /* Info.plist */,
			);
			path = "DATA TRANSFER THRU PRESENTTests";
			sourceTree = "<group>";
		};
		83DBC96D23791B76004F76E7 /* DATA TRANSFER THRU PRESENTUITests */ = {
			isa = PBXGroup;
			children = (
				83DBC96E23791B76004F76E7 /* DATA_TRANSFER_THRU_PRESENTUITests.swift */,
				83DBC97023791B76004F76E7 /* Info.plist */,
			);
			path = "DATA TRANSFER THRU PRESENTUITests";
			sourceTree = "<group>";
		};
		870DB0140A6D2DEC6FB098B7 /* Pods */ = {
			isa = PBXGroup;
			children = (
				1768DA362682290187E7A6DE /* Pods-DATA TRANSFER THRU PRESENT.debug.xcconfig */,
				2BB8FE06640443841D7279FC /* Pods-DATA TRANSFER THRU PRESENT.release.xcconfig */,
				55D1706F3CB4D104D16E2261 /* Pods-DATA TRANSFER THRU PRESENTTests.debug.xcconfig */,
				886A8FBF9E6D517A51C9B8E9 /* Pods-DATA TRANSFER THRU PRESENTTests.release.xcconfig */,
				E99EF99F3BD3D4CB2A9164F2 /* Pods-DATA TRANSFER THRU PRESENTUITests.debug.xcconfig */,
				292E05C043DCDA3F60715817 /* Pods-DATA TRANSFER THRU PRESENTUITests.release.xcconfig */,
			);
			name = Pods;
			sourceTree = "<group>";
		};
/* End PBXGroup section */

/* Begin PBXNativeTarget section */
		83DBC94A23791B72004F76E7 /* DATA TRANSFER THRU PRESENT */ = {
			isa = PBXNativeTarget;
			buildConfigurationList = 83DBC97323791B76004F76E7 /* Build configuration list for PBXNativeTarget "DATA TRANSFER THRU PRESENT" */;
			buildPhases = (
				E50C874BF317DAE56DD59F8B /* [CP] Check Pods Manifest.lock */,
				83DBC94723791B72004F76E7 /* Sources */,
				83DBC94823791B72004F76E7 /* Frameworks */,
				83DBC94923791B72004F76E7 /* Resources */,
				EE583BAD773500F9573F6871 /* [CP] Embed Pods Frameworks */,
			);
			buildRules = (
			);
			dependencies = (
			);
			name = "DATA TRANSFER THRU PRESENT";
			productName = "DATA TRANSFER THRU PRESENT";
			productReference = 83DBC94B23791B72004F76E7 /* DATA TRANSFER THRU PRESENT.app */;
			productType = "com.apple.product-type.application";
		};
		83DBC95E23791B76004F76E7 /* DATA TRANSFER THRU PRESENTTests */ = {
			isa = PBXNativeTarget;
			buildConfigurationList = 83DBC97623791B76004F76E7 /* Build configuration list for PBXNativeTarget "DATA TRANSFER THRU PRESENTTests" */;
			buildPhases = (
				030D9B4C66F3C8E02DE1DFD2 /* [CP] Check Pods Manifest.lock */,
				83DBC95B23791B76004F76E7 /* Sources */,
				83DBC95C23791B76004F76E7 /* Frameworks */,
				83DBC95D23791B76004F76E7 /* Resources */,
			);
			buildRules = (
			);
			dependencies = (
				83DBC96123791B76004F76E7 /* PBXTargetDependency */,
			);
			name = "DATA TRANSFER THRU PRESENTTests";
			productName = "DATA TRANSFER THRU PRESENTTests";
			productReference = 83DBC95F23791B76004F76E7 /* DATA TRANSFER THRU PRESENTTests.xctest */;
			productType = "com.apple.product-type.bundle.unit-test";
		};
		83DBC96923791B76004F76E7 /* DATA TRANSFER THRU PRESENTUITests */ = {
			isa = PBXNativeTarget;
			buildConfigurationList = 83DBC97923791B76004F76E7 /* Build configuration list for PBXNativeTarget "DATA TRANSFER THRU PRESENTUITests" */;
			buildPhases = (
				92A897EB411D14855FD2E98B /* [CP] Check Pods Manifest.lock */,
				83DBC96623791B76004F76E7 /* Sources */,
				83DBC96723791B76004F76E7 /* Frameworks */,
				83DBC96823791B76004F76E7 /* Resources */,
			);
			buildRules = (
			);
			dependencies = (
				83DBC96C23791B76004F76E7 /* PBXTargetDependency */,
			);
			name = "DATA TRANSFER THRU PRESENTUITests";
			productName = "DATA TRANSFER THRU PRESENTUITests";
			productReference = 83DBC96A23791B76004F76E7 /* DATA TRANSFER THRU PRESENTUITests.xctest */;
			productType = "com.apple.product-type.bundle.ui-testing";
		};
/* End PBXNativeTarget section */

/* Begin PBXProject section */
		83DBC94323791B72004F76E7 /* Project object */ = {
			isa = PBXProject;
			attributes = {
				LastSwiftUpdateCheck = 1010;
				LastUpgradeCheck = 1010;
				ORGANIZATIONNAME = "Syed.Reshma Ruksana";
				TargetAttributes = {
					83DBC94A23791B72004F76E7 = {
						CreatedOnToolsVersion = 10.1;
					};
					83DBC95E23791B76004F76E7 = {
						CreatedOnToolsVersion = 10.1;
						TestTargetID = 83DBC94A23791B72004F76E7;
					};
					83DBC96923791B76004F76E7 = {
						CreatedOnToolsVersion = 10.1;
						TestTargetID = 83DBC94A23791B72004F76E7;
					};
				};
			};
			buildConfigurationList = 83DBC94623791B72004F76E7 /* Build configuration list for PBXProject "DATA TRANSFER THRU PRESENT" */;
			compatibilityVersion = "Xcode 9.3";
			developmentRegion = en;
			hasScannedForEncodings = 0;
			knownRegions = (
				en,
				Base,
			);
			mainGroup = 83DBC94223791B72004F76E7;
			productRefGroup = 83DBC94C23791B72004F76E7 /* Products */;
			projectDirPath = "";
			projectRoot = "";
			targets = (
				83DBC94A23791B72004F76E7 /* DATA TRANSFER THRU PRESENT */,
				83DBC95E23791B76004F76E7 /* DATA TRANSFER THRU PRESENTTests */,
				83DBC96923791B76004F76E7 /* DATA TRANSFER THRU PRESENTUITests */,
			);
		};
/* End PBXProject section */

/* Begin PBXResourcesBuildPhase section */
		83DBC94923791B72004F76E7 /* Resources */ = {
			isa = PBXResourcesBuildPhase;
			buildActionMask = 2147483647;
			files = (
				83DBC95923791B76004F76E7 /* LaunchScreen.storyboard in Resources */,
				83DBC95623791B76004F76E7 /* Assets.xcassets in Resources */,
				83DBC95423791B72004F76E7 /* Main.storyboard in Resources */,
			);
			runOnlyForDeploymentPostprocessing = 0;
		};
		83DBC95D23791B76004F76E7 /* Resources */ = {
			isa = PBXResourcesBuildPhase;
			buildActionMask = 2147483647;
			files = (
			);
			runOnlyForDeploymentPostprocessing = 0;
		};
		83DBC96823791B76004F76E7 /* Resources */ = {
			isa = PBXResourcesBuildPhase;
			buildActionMask = 2147483647;
			files = (
			);
			runOnlyForDeploymentPostprocessing = 0;
		};
/* End PBXResourcesBuildPhase section */

/* Begin PBXShellScriptBuildPhase section */
		030D9B4C66F3C8E02DE1DFD2 /* [CP] Check Pods Manifest.lock */ = {
			isa = PBXShellScriptBuildPhase;
			buildActionMask = 2147483647;
			files = (
			);
			inputFileListPaths = (
			);
			inputPaths = (
				"${PODS_PODFILE_DIR_PATH}/Podfile.lock",
				"${PODS_ROOT}/Manifest.lock",
			);
			name = "[CP] Check Pods Manifest.lock";
			outputFileListPaths = (
			);
			outputPaths = (
				"$(DERIVED_FILE_DIR)/Pods-DATA TRANSFER THRU PRESENTTests-checkManifestLockResult.txt",
			);
			runOnlyForDeploymentPostprocessing = 0;
			shellPath = /bin/sh;
			shellScript = "diff \"${PODS_PODFILE_DIR_PATH}/Podfile.lock\" \"${PODS_ROOT}/Manifest.lock\" > /dev/null\nif [ $? != 0 ] ; then\n    # print error to STDERR\n    echo \"error: The sandbox is not in sync with the Podfile.lock. Run 'pod install' or update your CocoaPods installation.\" >&2\n    exit 1\nfi\n# This output is used by Xcode 'outputs' to avoid re-running this script phase.\necho \"SUCCESS\" > \"${SCRIPT_OUTPUT_FILE_0}\"\n";
			showEnvVarsInLog = 0;
		};
		92A897EB411D14855FD2E98B /* [CP] Check Pods Manifest.lock */ = {
			isa = PBXShellScriptBuildPhase;
			buildActionMask = 2147483647;
			files = (
			);
			inputFileListPaths = (
			);
			inputPaths = (
				"${PODS_PODFILE_DIR_PATH}/Podfile.lock",
				"${PODS_ROOT}/Manifest.lock",
			);
			name = "[CP] Check Pods Manifest.lock";
			outputFileListPaths = (
			);
			outputPaths = (
				"$(DERIVED_FILE_DIR)/Pods-DATA TRANSFER THRU PRESENTUITests-checkManifestLockResult.txt",
			);
			runOnlyForDeploymentPostprocessing = 0;
			shellPath = /bin/sh;
			shellScript = "diff \"${PODS_PODFILE_DIR_PATH}/Podfile.lock\" \"${PODS_ROOT}/Manifest.lock\" > /dev/null\nif [ $? != 0 ] ; then\n    # print error to STDERR\n    echo \"error: The sandbox is not in sync with the Podfile.lock. Run 'pod install' or update your CocoaPods installation.\" >&2\n    exit 1\nfi\n# This output is used by Xcode 'outputs' to avoid re-running this script phase.\necho \"SUCCESS\" > \"${SCRIPT_OUTPUT_FILE_0}\"\n";
			showEnvVarsInLog = 0;
		};
		E50C874BF317DAE56DD59F8B /* [CP] Check Pods Manifest.lock */ = {
			isa = PBXShellScriptBuildPhase;
			buildActionMask = 2147483647;
			files = (
			);
			inputFileListPaths = (
			);
			inputPaths = (
				"${PODS_PODFILE_DIR_PATH}/Podfile.lock",
				"${PODS_ROOT}/Manifest.lock",
			);
			name = "[CP] Check Pods Manifest.lock";
			outputFileListPaths = (
			);
			outputPaths = (
				"$(DERIVED_FILE_DIR)/Pods-DATA TRANSFER THRU PRESENT-checkManifestLockResult.txt",
			);
			runOnlyForDeploymentPostprocessing = 0;
			shellPath = /bin/sh;
			shellScript = "diff \"${PODS_PODFILE_DIR_PATH}/Podfile.lock\" \"${PODS_ROOT}/Manifest.lock\" > /dev/null\nif [ $? != 0 ] ; then\n    # print error to STDERR\n    echo \"error: The sandbox is not in sync with the Podfile.lock. Run 'pod install' or update your CocoaPods installation.\" >&2\n    exit 1\nfi\n# This output is used by Xcode 'outputs' to avoid re-running this script phase.\necho \"SUCCESS\" > \"${SCRIPT_OUTPUT_FILE_0}\"\n";
			showEnvVarsInLog = 0;
		};
		EE583BAD773500F9573F6871 /* [CP] Embed Pods Frameworks */ = {
			isa = PBXShellScriptBuildPhase;
			buildActionMask = 2147483647;
			files = (
			);
			inputFileListPaths = (
			);
			inputPaths = (
				"${SRCROOT}/Pods/Target Support Files/Pods-DATA TRANSFER THRU PRESENT/Pods-DATA TRANSFER THRU PRESENT-frameworks.sh",
				"${BUILT_PRODUCTS_DIR}/IQKeyboardManagerSwift/IQKeyboardManagerSwift.framework",
				"${BUILT_PRODUCTS_DIR}/Toast-Swift/Toast_Swift.framework",
			);
			name = "[CP] Embed Pods Frameworks";
			outputFileListPaths = (
			);
			outputPaths = (
				"${TARGET_BUILD_DIR}/${FRAMEWORKS_FOLDER_PATH}/IQKeyboardManagerSwift.framework",
				"${TARGET_BUILD_DIR}/${FRAMEWORKS_FOLDER_PATH}/Toast_Swift.framework",
			);
			runOnlyForDeploymentPostprocessing = 0;
			shellPath = /bin/sh;
			shellScript = "\"${SRCROOT}/Pods/Target Support Files/Pods-DATA TRANSFER THRU PRESENT/Pods-DATA TRANSFER THRU PRESENT-frameworks.sh\"\n";
			showEnvVarsInLog = 0;
		};
/* End PBXShellScriptBuildPhase section */

/* Begin PBXSourcesBuildPhase section */
		83DBC94723791B72004F76E7 /* Sources */ = {
			isa = PBXSourcesBuildPhase;
			buildActionMask = 2147483647;
			files = (
				832BD340237BC9800028FD12 /* BtechViewController.swift in Sources */,
				834064A6237E617A00792E71 /* btechOverallResult.swift in Sources */,
				832BD336237BBDE60028FD12 /* Btech3-1.swift in Sources */,
				832BD32E237BBD8D0028FD12 /* Intermediate2ViewController.swift in Sources */,
				832BD332237BBDBE0028FD12 /* Btech2-1.swift in Sources */,
				832BD338237BBDF90028FD12 /* Btech3-2.swift in Sources */,
				832BD334237BBDD20028FD12 /* Btech2-2.swift in Sources */,
				832BD33E237BC9660028FD12 /* IntermediateViewController.swift in Sources */,
				832BD330237BBDA20028FD12 /* Btech1ViewController.swift in Sources */,
				832BD342237C1E6C0028FD12 /* ViewController.swift in Sources */,
				832BD33A237BBE1B0028FD12 /* Btech4-1.swift in Sources */,
				832BD33C237BBE2E0028FD12 /* Btech4-2.swift in Sources */,
				83DBC94F23791B72004F76E7 /* AppDelegate.swift in Sources */,
				832BD32C237BBD5F0028FD12 /* Intermediate1ViewController.swift in Sources */,
			);
			runOnlyForDeploymentPostprocessing = 0;
		};
		83DBC95B23791B76004F76E7 /* Sources */ = {
			isa = PBXSourcesBuildPhase;
			buildActionMask = 2147483647;
			files = (
				83DBC96423791B76004F76E7 /* DATA_TRANSFER_THRU_PRESENTTests.swift in Sources */,
			);
			runOnlyForDeploymentPostprocessing = 0;
		};
		83DBC96623791B76004F76E7 /* Sources */ = {
			isa = PBXSourcesBuildPhase;
			buildActionMask = 2147483647;
			files = (
				83DBC96F23791B76004F76E7 /* DATA_TRANSFER_THRU_PRESENTUITests.swift in Sources */,
			);
			runOnlyForDeploymentPostprocessing = 0;
		};
/* End PBXSourcesBuildPhase section */

/* Begin PBXTargetDependency section */
		83DBC96123791B76004F76E7 /* PBXTargetDependency */ = {
			isa = PBXTargetDependency;
			target = 83DBC94A23791B72004F76E7 /* DATA TRANSFER THRU PRESENT */;
			targetProxy = 83DBC96023791B76004F76E7 /* PBXContainerItemProxy */;
		};
		83DBC96C23791B76004F76E7 /* PBXTargetDependency */ = {
			isa = PBXTargetDependency;
			target = 83DBC94A23791B72004F76E7 /* DATA TRANSFER THRU PRESENT */;
			targetProxy = 83DBC96B23791B76004F76E7 /* PBXContainerItemProxy */;
		};
/* End PBXTargetDependency section */

/* Begin PBXVariantGroup section */
		83DBC95223791B72004F76E7 /* Main.storyboard */ = {
			isa = PBXVariantGroup;
			children = (
				83DBC95323791B72004F76E7 /* Base */,
			);
			name = Main.storyboard;
			sourceTree = "<group>";
		};
		83DBC95723791B76004F76E7 /* LaunchScreen.storyboard */ = {
			isa = PBXVariantGroup;
			children = (
				83DBC95823791B76004F76E7 /* Base */,
			);
			name = LaunchScreen.storyboard;
			sourceTree = "<group>";
		};
/* End PBXVariantGroup section */

/* Begin XCBuildConfiguration section */
		83DBC97123791B76004F76E7 /* Debug */ = {
			isa = XCBuildConfiguration;
			buildSettings = {
				ALWAYS_SEARCH_USER_PATHS = NO;
				CLANG_ANALYZER_NONNULL = YES;
				CLANG_ANALYZER_NUMBER_OBJECT_CONVERSION = YES_AGGRESSIVE;
				CLANG_CXX_LANGUAGE_STANDARD = "gnu++14";
				CLANG_CXX_LIBRARY = "libc++";
				CLANG_ENABLE_MODULES = YES;
				CLANG_ENABLE_OBJC_ARC = YES;
				CLANG_ENABLE_OBJC_WEAK = YES;
				CLANG_WARN_BLOCK_CAPTURE_AUTORELEASING = YES;
				CLANG_WARN_BOOL_CONVERSION = YES;
				CLANG_WARN_COMMA = YES;
				CLANG_WARN_CONSTANT_CONVERSION = YES;
				CLANG_WARN_DEPRECATED_OBJC_IMPLEMENTATIONS = YES;
				CLANG_WARN_DIRECT_OBJC_ISA_USAGE = YES_ERROR;
				CLANG_WARN_DOCUMENTATION_COMMENTS = YES;
				CLANG_WARN_EMPTY_BODY = YES;
				CLANG_WARN_ENUM_CONVERSION = YES;
				CLANG_WARN_INFINITE_RECURSION = YES;
				CLANG_WARN_INT_CONVERSION = YES;
				CLANG_WARN_NON_LITERAL_NULL_CONVERSION = YES;
				CLANG_WARN_OBJC_IMPLICIT_RETAIN_SELF = YES;
				CLANG_WARN_OBJC_LITERAL_CONVERSION = YES;
				CLANG_WARN_OBJC_ROOT_CLASS = YES_ERROR;
				CLANG_WARN_RANGE_LOOP_ANALYSIS = YES;
				CLANG_WARN_STRICT_PROTOTYPES = YES;
				CLANG_WARN_SUSPICIOUS_MOVE = YES;
				CLANG_WARN_UNGUARDED_AVAILABILITY = YES_AGGRESSIVE;
				CLANG_WARN_UNREACHABLE_CODE = YES;
				CLANG_WARN__DUPLICATE_METHOD_MATCH = YES;
				CODE_SIGN_IDENTITY = "iPhone Developer";
				COPY_PHASE_STRIP = NO;
				DEBUG_INFORMATION_FORMAT = dwarf;
				ENABLE_STRICT_OBJC_MSGSEND = YES;
				ENABLE_TESTABILITY = YES;
				GCC_C_LANGUAGE_STANDARD = gnu11;
				GCC_DYNAMIC_NO_PIC = NO;
				GCC_NO_COMMON_BLOCKS = YES;
				GCC_OPTIMIZATION_LEVEL = 0;
				GCC_PREPROCESSOR_DEFINITIONS = (
					"DEBUG=1",
					"$(inherited)",
				);
				GCC_WARN_64_TO_32_BIT_CONVERSION = YES;
				GCC_WARN_ABOUT_RETURN_TYPE = YES_ERROR;
				GCC_WARN_UNDECLARED_SELECTOR = YES;
				GCC_WARN_UNINITIALIZED_AUTOS = YES_AGGRESSIVE;
				GCC_WARN_UNUSED_FUNCTION = YES;
				GCC_WARN_UNUSED_VARIABLE = YES;
				IPHONEOS_DEPLOYMENT_TARGET = 12.1;
				MTL_ENABLE_DEBUG_INFO = INCLUDE_SOURCE;
				MTL_FAST_MATH = YES;
				ONLY_ACTIVE_ARCH = YES;
				SDKROOT = iphoneos;
				SWIFT_ACTIVE_COMPILATION_CONDITIONS = DEBUG;
				SWIFT_OPTIMIZATION_LEVEL = "-Onone";
			};
			name = Debug;
		};
		83DBC97223791B76004F76E7 /* Release */ = {
			isa = XCBuildConfiguration;
			buildSettings = {
				ALWAYS_SEARCH_USER_PATHS = NO;
				CLANG_ANALYZER_NONNULL = YES;
				CLANG_ANALYZER_NUMBER_OBJECT_CONVERSION = YES_AGGRESSIVE;
				CLANG_CXX_LANGUAGE_STANDARD = "gnu++14";
				CLANG_CXX_LIBRARY = "libc++";
				CLANG_ENABLE_MODULES = YES;
				CLANG_ENABLE_OBJC_ARC = YES;
				CLANG_ENABLE_OBJC_WEAK = YES;
				CLANG_WARN_BLOCK_CAPTURE_AUTORELEASING = YES;
				CLANG_WARN_BOOL_CONVERSION = YES;
				CLANG_WARN_COMMA = YES;
				CLANG_WARN_CONSTANT_CONVERSION = YES;
				CLANG_WARN_DEPRECATED_OBJC_IMPLEMENTATIONS = YES;
				CLANG_WARN_DIRECT_OBJC_ISA_USAGE = YES_ERROR;
				CLANG_WARN_DOCUMENTATION_COMMENTS = YES;
				CLANG_WARN_EMPTY_BODY = YES;
				CLANG_WARN_ENUM_CONVERSION = YES;
				CLANG_WARN_INFINITE_RECURSION = YES;
				CLANG_WARN_INT_CONVERSION = YES;
				CLANG_WARN_NON_LITERAL_NULL_CONVERSION = YES;
				CLANG_WARN_OBJC_IMPLICIT_RETAIN_SELF = YES;
				CLANG_WARN_OBJC_LITERAL_CONVERSION = YES;
				CLANG_WARN_OBJC_ROOT_CLASS = YES_ERROR;
				CLANG_WARN_RANGE_LOOP_ANALYSIS = YES;
				CLANG_WARN_STRICT_PROTOTYPES = YES;
				CLANG_WARN_SUSPICIOUS_MOVE = YES;
				CLANG_WARN_UNGUARDED_AVAILABILITY = YES_AGGRESSIVE;
				CLANG_WARN_UNREACHABLE_CODE = YES;
				CLANG_WARN__DUPLICATE_METHOD_MATCH = YES;
				CODE_SIGN_IDENTITY = "iPhone Developer";
				COPY_PHASE_STRIP = NO;
				DEBUG_INFORMATION_FORMAT = "dwarf-with-dsym";
				ENABLE_NS_ASSERTIONS = NO;
				ENABLE_STRICT_OBJC_MSGSEND = YES;
				GCC_C_LANGUAGE_STANDARD = gnu11;
				GCC_NO_COMMON_BLOCKS = YES;
				GCC_WARN_64_TO_32_BIT_CONVERSION = YES;
				GCC_WARN_ABOUT_RETURN_TYPE = YES_ERROR;
				GCC_WARN_UNDECLARED_SELECTOR = YES;
				GCC_WARN_UNINITIALIZED_AUTOS = YES_AGGRESSIVE;
				GCC_WARN_UNUSED_FUNCTION = YES;
				GCC_WARN_UNUSED_VARIABLE = YES;
				IPHONEOS_DEPLOYMENT_TARGET = 12.1;
				MTL_ENABLE_DEBUG_INFO = NO;
				MTL_FAST_MATH = YES;
				SDKROOT = iphoneos;
				SWIFT_COMPILATION_MODE = wholemodule;
				SWIFT_OPTIMIZATION_LEVEL = "-O";
				VALIDATE_PRODUCT = YES;
			};
			name = Release;
		};
		83DBC97423791B76004F76E7 /* Debug */ = {
			isa = XCBuildConfiguration;
			baseConfigurationReference = 1768DA362682290187E7A6DE /* Pods-DATA TRANSFER THRU PRESENT.debug.xcconfig */;
			buildSettings = {
				ASSETCATALOG_COMPILER_APPICON_NAME = AppIcon;
				CODE_SIGN_STYLE = Automatic;
				INFOPLIST_FILE = "DATA TRANSFER THRU PRESENT/Info.plist";
				LD_RUNPATH_SEARCH_PATHS = (
					"$(inherited)",
					"@executable_path/Frameworks",
				);
				PRODUCT_BUNDLE_IDENTIFIER = "BRN.DATA-TRANSFER-THRU-PRESENT";
				PRODUCT_NAME = "$(TARGET_NAME)";
				SWIFT_VERSION = 4.2;
				TARGETED_DEVICE_FAMILY = "1,2";
			};
			name = Debug;
		};
		83DBC97523791B76004F76E7 /* Release */ = {
			isa = XCBuildConfiguration;
			baseConfigurationReference = 2BB8FE06640443841D7279FC /* Pods-DATA TRANSFER THRU PRESENT.release.xcconfig */;
			buildSettings = {
				ASSETCATALOG_COMPILER_APPICON_NAME = AppIcon;
				CODE_SIGN_STYLE = Automatic;
				INFOPLIST_FILE = "DATA TRANSFER THRU PRESENT/Info.plist";
				LD_RUNPATH_SEARCH_PATHS = (
					"$(inherited)",
					"@executable_path/Frameworks",
				);
				PRODUCT_BUNDLE_IDENTIFIER = "BRN.DATA-TRANSFER-THRU-PRESENT";
				PRODUCT_NAME = "$(TARGET_NAME)";
				SWIFT_VERSION = 4.2;
				TARGETED_DEVICE_FAMILY = "1,2";
			};
			name = Release;
		};
		83DBC97723791B76004F76E7 /* Debug */ = {
			isa = XCBuildConfiguration;
			baseConfigurationReference = 55D1706F3CB4D104D16E2261 /* Pods-DATA TRANSFER THRU PRESENTTests.debug.xcconfig */;
			buildSettings = {
				ALWAYS_EMBED_SWIFT_STANDARD_LIBRARIES = YES;
				BUNDLE_LOADER = "$(TEST_HOST)";
				CODE_SIGN_STYLE = Automatic;
				INFOPLIST_FILE = "DATA TRANSFER THRU PRESENTTests/Info.plist";
				LD_RUNPATH_SEARCH_PATHS = (
					"$(inherited)",
					"@executable_path/Frameworks",
					"@loader_path/Frameworks",
				);
				PRODUCT_BUNDLE_IDENTIFIER = "BRN.DATA-TRANSFER-THRU-PRESENTTests";
				PRODUCT_NAME = "$(TARGET_NAME)";
				SWIFT_VERSION = 4.2;
				TARGETED_DEVICE_FAMILY = "1,2";
				TEST_HOST = "$(BUILT_PRODUCTS_DIR)/DATA TRANSFER THRU PRESENT.app/DATA TRANSFER THRU PRESENT";
			};
			name = Debug;
		};
		83DBC97823791B76004F76E7 /* Release */ = {
			isa = XCBuildConfiguration;
			baseConfigurationReference = 886A8FBF9E6D517A51C9B8E9 /* Pods-DATA TRANSFER THRU PRESENTTests.release.xcconfig */;
			buildSettings = {
				ALWAYS_EMBED_SWIFT_STANDARD_LIBRARIES = YES;
				BUNDLE_LOADER = "$(TEST_HOST)";
				CODE_SIGN_STYLE = Automatic;
				INFOPLIST_FILE = "DATA TRANSFER THRU PRESENTTests/Info.plist";
				LD_RUNPATH_SEARCH_PATHS = (
					"$(inherited)",
					"@executable_path/Frameworks",
					"@loader_path/Frameworks",
				);
				PRODUCT_BUNDLE_IDENTIFIER = "BRN.DATA-TRANSFER-THRU-PRESENTTests";
				PRODUCT_NAME = "$(TARGET_NAME)";
				SWIFT_VERSION = 4.2;
				TARGETED_DEVICE_FAMILY = "1,2";
				TEST_HOST = "$(BUILT_PRODUCTS_DIR)/DATA TRANSFER THRU PRESENT.app/DATA TRANSFER THRU PRESENT";
			};
			name = Release;
		};
		83DBC97A23791B76004F76E7 /* Debug */ = {
			isa = XCBuildConfiguration;
			baseConfigurationReference = E99EF99F3BD3D4CB2A9164F2 /* Pods-DATA TRANSFER THRU PRESENTUITests.debug.xcconfig */;
			buildSettings = {
				ALWAYS_EMBED_SWIFT_STANDARD_LIBRARIES = YES;
				CODE_SIGN_STYLE = Automatic;
				INFOPLIST_FILE = "DATA TRANSFER THRU PRESENTUITests/Info.plist";
				LD_RUNPATH_SEARCH_PATHS = (
					"$(inherited)",
					"@executable_path/Frameworks",
					"@loader_path/Frameworks",
				);
				PRODUCT_BUNDLE_IDENTIFIER = "BRN.DATA-TRANSFER-THRU-PRESENTUITests";
				PRODUCT_NAME = "$(TARGET_NAME)";
				SWIFT_VERSION = 4.2;
				TARGETED_DEVICE_FAMILY = "1,2";
				TEST_TARGET_NAME = "DATA TRANSFER THRU PRESENT";
			};
			name = Debug;
		};
		83DBC97B23791B76004F76E7 /* Release */ = {
			isa = XCBuildConfiguration;
			baseConfigurationReference = 292E05C043DCDA3F60715817 /* Pods-DATA TRANSFER THRU PRESENTUITests.release.xcconfig */;
			buildSettings = {
				ALWAYS_EMBED_SWIFT_STANDARD_LIBRARIES = YES;
				CODE_SIGN_STYLE = Automatic;
				INFOPLIST_FILE = "DATA TRANSFER THRU PRESENTUITests/Info.plist";
				LD_RUNPATH_SEARCH_PATHS = (
					"$(inherited)",
					"@executable_path/Frameworks",
					"@loader_path/Frameworks",
				);
				PRODUCT_BUNDLE_IDENTIFIER = "BRN.DATA-TRANSFER-THRU-PRESENTUITests";
				PRODUCT_NAME = "$(TARGET_NAME)";
				SWIFT_VERSION = 4.2;
				TARGETED_DEVICE_FAMILY = "1,2";
				TEST_TARGET_NAME = "DATA TRANSFER THRU PRESENT";
			};
			name = Release;
		};
/* End XCBuildConfiguration section */

/* Begin XCConfigurationList section */
		83DBC94623791B72004F76E7 /* Build configuration list for PBXProject "DATA TRANSFER THRU PRESENT" */ = {
			isa = XCConfigurationList;
			buildConfigurations = (
				83DBC97123791B76004F76E7 /* Debug */,
				83DBC97223791B76004F76E7 /* Release */,
			);
			defaultConfigurationIsVisible = 0;
			defaultConfigurationName = Release;
		};
		83DBC97323791B76004F76E7 /* Build configuration list for PBXNativeTarget "DATA TRANSFER THRU PRESENT" */ = {
			isa = XCConfigurationList;
			buildConfigurations = (
				83DBC97423791B76004F76E7 /* Debug */,
				83DBC97523791B76004F76E7 /* Release */,
			);
			defaultConfigurationIsVisible = 0;
			defaultConfigurationName = Release;
		};
		83DBC97623791B76004F76E7 /* Build configuration list for PBXNativeTarget "DATA TRANSFER THRU PRESENTTests" */ = {
			isa = XCConfigurationList;
			buildConfigurations = (
				83DBC97723791B76004F76E7 /* Debug */,
				83DBC97823791B76004F76E7 /* Release */,
			);
			defaultConfigurationIsVisible = 0;
			defaultConfigurationName = Release;
		};
		83DBC97923791B76004F76E7 /* Build configuration list for PBXNativeTarget "DATA TRANSFER THRU PRESENTUITests" */ = {
			isa = XCConfigurationList;
			buildConfigurations = (
				83DBC97A23791B76004F76E7 /* Debug */,
				83DBC97B23791B76004F76E7 /* Release */,
			);
			defaultConfigurationIsVisible = 0;
			defaultConfigurationName = Release;
		};
/* End XCConfigurationList section */
	};
	rootObject = 83DBC94323791B72004F76E7 /* Project object */;
}
